
Microsoft Visual Studio Solution File, Format Version 12.00
# Visual Studio Version 16
VisualStudioVersion = 16.0.30711.63
MinimumVisualStudioVersion = 10.0.40219.1
Project("{FAE04EC0-301F-11D3-BF4B-00C04F79EFBC}") = "BurgerMasterDemo", "BurgerMasterDemo\BurgerMasterDemo.csproj", "{C50B59FD-7D54-48EF-9E6B-031C0814BCEC}"
EndProject
Global
	GlobalSection(SolutionConfigurationPlatforms) = preSolution
		Debug|Any CPU = Debug|Any CPU
		Release|Any CPU = Release|Any CPU
	EndGlobalSection
	GlobalSection(ProjectConfigurationPlatforms) = postSolution
		{C50B59FD-7D54-48EF-9E6B-031C0814BCEC}.Debug|Any CPU.ActiveCfg = Debug|Any CPU
		{C50B59FD-7D54-48EF-9E6B-031C0814BCEC}.Debug|Any CPU.Build.0 = Debug|Any CPU
		{C50B59FD-7D54-48EF-9E6B-031C0814BCEC}.Release|Any CPU.ActiveCfg = Release|Any CPU
		{C50B59FD-7D54-48EF-9E6B-031C0814BCEC}.Release|Any CPU.Build.0 = Release|Any CPU
	EndGlobalSection
	GlobalSection(SolutionProperties) = preSolution
		HideSolutionNode = FALSE
	EndGlobalSection
	GlobalSection(ExtensibilityGlobals) = postSolution
		SolutionGuid = {45893B40-AEF1-474C-BC96-08F163959AE3}
	EndGlobalSection
EndGlobal
